{
  "originHash" : "bfc0e5f6892014d3f76cd20c9d64261ad1fa3b669829fd1feb8ef542c1bc99ed",
  "pins" : [
    {
      "identity" : "swift-cmark",
      "kind" : "remoteSourceControl",
      "location" : "https://github.com/swiftlang/swift-cmark.git",
      "state" : {
        "revision" : "08ddb528923cc1a6527e02b7a1aee9e516ca749a",
        "version" : "0.9.0"
      }
    }
  ],
  "version" : 3
}
